SITE
  remote: http://community.opscode.com/api/v1
  specs:
    apt (1.9.0)
    build-essential (1.3.4)
    chef_gem (0.0.5)
    imagemagick (0.2.2)
    locale (0.0.2)
    runit (1.0.4)
      build-essential (>= 0.0.0)

GIT
  remote: https://github.com/chef-cookbooks/chef-oh-my-zsh
  ref: 0.1.0
  sha: 25329df6aab8913057e4e269cd62ae8f9f066503
  specs:
    oh_my_zsh (0.0.1)
      git (>= 0.0.0)

GIT
  remote: https://github.com/chef-cookbooks/chef-postgres-locale
  ref: 0.1.1
  sha: bdf98737a9928e0ec320406040168cadcc005278
  specs:
    set_locale (0.0.2)

GIT
  remote: https://github.com/chef-cookbooks/chef-xvfb
  ref: master
  sha: fb4ff5119d600edc0480134ff07b7641a20f87b7
  specs:
    xvfb (0.0.1)

GIT
  remote: https://github.com/fnichol/chef-git
  ref: master
  sha: 6c19cbefcdad5ec0f62a64dae1f656d660698ea3
  specs:
    git (0.9.0)
      runit (>= 0.0.0)

GIT
  remote: https://github.com/fnichol/chef-rvm
  ref: master
  sha: 37ae6f0d6540ebc95d22004d68dd45fe304d7255
  specs:
    rvm (0.9.1)
      chef_gem (>= 0.0.0)

GIT
  remote: https://github.com/hectcastro/chef-nodejs
  ref: master
  sha: 222fbfd6942897a002b652de7a6b8daf13851216
  specs:
    nodejs (0.0.8)
      build-essential (>= 0.0.0)

GIT
  remote: https://github.com/phlipper/chef-curl
  ref: master
  sha: d1f6690319eb4e5278af0060eb053937541d8d90
  specs:
    curl (1.0.0)

GIT
  remote: https://github.com/phlipper/chef-postgresql
  ref: 0.5.0
  sha: f9fb4099f0d1fc40239a7a60d3ff9e0aee06f885
  specs:
    postgresql (0.5.0)

GIT
  remote: https://github.com/substantial/cookbook-firefox
  ref: master
  sha: 09d74e7610baf72e57b538a9053e10344920e4ce
  specs:
    firefox (0.0.4)

DEPENDENCIES
  apt (>= 0)
  build-essential (>= 0)
  curl (>= 0)
  firefox (>= 0)
  git (>= 0)
  imagemagick (>= 0)
  locale (>= 0)
  nodejs (>= 0)
  oh_my_zsh (>= 0)
  postgresql (>= 0)
  rvm (>= 0)
  set_locale (>= 0)
  xvfb (>= 0)

